
Microsoft Visual Studio Solution File, Format Version 12.00
# Visual Studio Version 16
VisualStudioVersion = 16.0.29521.150
MinimumVisualStudioVersion = 15.0.26124.0
Project("{2150E333-8FDC-42A3-9474-1A3956D46DE8}") = "src", "src", "{D5BA7B2C-DF3C-44AE-BCD9-0860F49BE7CB}"
EndProject
Project("{2150E333-8FDC-42A3-9474-1A3956D46DE8}") = "services", "services", "{C3D1CBB7-F467-4178-ABCD-AB6A07E2C851}"
EndProject
Project("{2150E333-8FDC-42A3-9474-1A3956D46DE8}") = "shared", "shared", "{583D7C78-A187-44CB-A08C-3191CAC2E5BA}"
EndProject
Project("{2150E333-8FDC-42A3-9474-1A3956D46DE8}") = "mobile", "mobile", "{2624A4B6-2BEE-46C7-B012-8FA4C3E9609F}"
EndProject
Project("{2150E333-8FDC-42A3-9474-1A3956D46DE8}") = "devices", "devices", "{B5B0D826-9A9F-4F1B-B4B4-0ADB5E516E69}"
EndProject
Project("{2150E333-8FDC-42A3-9474-1A3956D46DE8}") = "tools", "tools", "{92D02EE9-486D-4461-8D82-39FF27A165F3}"
EndProject
Project("{9A19103F-16F7-4668-BE54-9A1E7A4F7556}") = "KeyGenerator", "src\tools\KeyGenerator\KeyGenerator.csproj", "{01A14F93-F546-4840-83B0-5AE49CD8B240}"
EndProject
Project("{9A19103F-16F7-4668-BE54-9A1E7A4F7556}") = "Entity.Service", "src\services\Project.Service\Entity.Service.csproj", "{D24CDD60-9D0F-4B94-8665-2DFD9DE961AD}"
EndProject
Project("{9A19103F-16F7-4668-BE54-9A1E7A4F7556}") = "ProvisioningService.Management.Client", "src\services\ProvisioningService.Management.Client\ProvisioningService.Management.Client.csproj", "{E01C0980-4A14-498D-8DC5-11850E6D1B80}"
EndProject
Project("{FAE04EC0-301F-11D3-BF4B-00C04F79EFBC}") = "SymetricKeyGenerator", "src\tools\SymetricKeyGenerator\SymetricKeyGenerator.csproj", "{BEF3B0CC-9AF6-4DA3-92FF-F3E1CCC64AA0}"
EndProject
Project("{2150E333-8FDC-42A3-9474-1A3956D46DE8}") = "workers", "workers", "{BFB175AD-F8AC-4CAE-9868-77331E81DD4B}"
EndProject
Project("{9A19103F-16F7-4668-BE54-9A1E7A4F7556}") = "Message.Worker", "src\workers\Message.Worker\Message.Worker.csproj", "{56169EF7-7A8F-4AF5-8ECF-FDD48C074C10}"
EndProject
Project("{FAE04EC0-301F-11D3-BF4B-00C04F79EFBC}") = "SimulatedDevice", "src\tools\SimulatedDevice\SimulatedDevice.csproj", "{A9C0DEA4-B1F1-4AFE-A622-9FB10E26D008}"
EndProject
Project("{FAE04EC0-301F-11D3-BF4B-00C04F79EFBC}") = "DebugTools", "src\tools\DebugTools\DebugTools.csproj", "{0C146536-37B4-4EDE-9A59-4EE62A828FB4}"
EndProject
Project("{2150E333-8FDC-42A3-9474-1A3956D46DE8}") = "core", "core", "{59D3DC64-3AEC-4DA8-8CBC-A264D30D76D5}"
EndProject
Project("{FAE04EC0-301F-11D3-BF4B-00C04F79EFBC}") = "Service.Core", "src\core\Service.Core\Service.Core.csproj", "{B2035172-D7FC-4FB4-9D22-7A2C405DE5BE}"
EndProject
Project("{FAE04EC0-301F-11D3-BF4B-00C04F79EFBC}") = "ParkMe.Mobile.UWP", "src\apps\ParkMe.Mobile\ParkMe.Mobile.UWP\ParkMe.Mobile.UWP.csproj", "{07D9459C-6DA5-4780-8299-D54B1FFB02C0}"
EndProject
Project("{FAE04EC0-301F-11D3-BF4B-00C04F79EFBC}") = "ParkMe.Mobile.Android", "src\apps\ParkMe.Mobile\ParkMe.Mobile.Android\ParkMe.Mobile.Android.csproj", "{FD276DB9-608F-49C3-A6B3-6CD3D36E2473}"
EndProject
Project("{FAE04EC0-301F-11D3-BF4B-00C04F79EFBC}") = "ParkMe.Mobile.iOS", "src\apps\ParkMe.Mobile\ParkMe.Mobile.iOS\ParkMe.Mobile.iOS.csproj", "{BB9B62A7-8F47-4CFE-9DC9-6888E7B2518B}"
EndProject
Project("{FAE04EC0-301F-11D3-BF4B-00C04F79EFBC}") = "ParkMe.Mobile", "src\apps\ParkMe.Mobile\ParkMe.Mobile\ParkMe.Mobile.csproj", "{F4D56D57-E2B8-4C93-82CF-00357A7BC6EF}"
EndProject
Project("{FAE04EC0-301F-11D3-BF4B-00C04F79EFBC}") = "Device.Service", "src\services\Device.Service\Device.Service.csproj", "{ACD9F0DC-AAAA-4A30-AB9F-59D02EBD38E2}"
EndProject
Project("{FAE04EC0-301F-11D3-BF4B-00C04F79EFBC}") = "Message.Function", "src\workers\Message.Function\Message.Function.csproj", "{2D10727F-5AAF-488D-9E1E-0D9B2DB640C3}"
EndProject
Global
	GlobalSection(SolutionConfigurationPlatforms) = preSolution
		Debug|Any CPU = Debug|Any CPU
		Debug|ARM = Debug|ARM
		Debug|iPhone = Debug|iPhone
		Debug|iPhoneSimulator = Debug|iPhoneSimulator
		Debug|x64 = Debug|x64
		Debug|x86 = Debug|x86
		Release|Any CPU = Release|Any CPU
		Release|ARM = Release|ARM
		Release|iPhone = Release|iPhone
		Release|iPhoneSimulator = Release|iPhoneSimulator
		Release|x64 = Release|x64
		Release|x86 = Release|x86
	EndGlobalSection
	GlobalSection(ProjectConfigurationPlatforms) = postSolution
		{01A14F93-F546-4840-83B0-5AE49CD8B240}.Debug|Any CPU.ActiveCfg = Debug|Any CPU
		{01A14F93-F546-4840-83B0-5AE49CD8B240}.Debug|Any CPU.Build.0 = Debug|Any CPU
		{01A14F93-F546-4840-83B0-5AE49CD8B240}.Debug|ARM.ActiveCfg = Debug|Any CPU
		{01A14F93-F546-4840-83B0-5AE49CD8B240}.Debug|ARM.Build.0 = Debug|Any CPU
		{01A14F93-F546-4840-83B0-5AE49CD8B240}.Debug|iPhone.ActiveCfg = Debug|Any CPU
		{01A14F93-F546-4840-83B0-5AE49CD8B240}.Debug|iPhone.Build.0 = Debug|Any CPU
		{01A14F93-F546-4840-83B0-5AE49CD8B240}.Debug|iPhoneSimulator.ActiveCfg = Debug|Any CPU
		{01A14F93-F546-4840-83B0-5AE49CD8B240}.Debug|iPhoneSimulator.Build.0 = Debug|Any CPU
		{01A14F93-F546-4840-83B0-5AE49CD8B240}.Debug|x64.ActiveCfg = Debug|Any CPU
		{01A14F93-F546-4840-83B0-5AE49CD8B240}.Debug|x64.Build.0 = Debug|Any CPU
		{01A14F93-F546-4840-83B0-5AE49CD8B240}.Debug|x86.ActiveCfg = Debug|Any CPU
		{01A14F93-F546-4840-83B0-5AE49CD8B240}.Debug|x86.Build.0 = Debug|Any CPU
		{01A14F93-F546-4840-83B0-5AE49CD8B240}.Release|Any CPU.ActiveCfg = Release|Any CPU
		{01A14F93-F546-4840-83B0-5AE49CD8B240}.Release|Any CPU.Build.0 = Release|Any CPU
		{01A14F93-F546-4840-83B0-5AE49CD8B240}.Release|ARM.ActiveCfg = Release|Any CPU
		{01A14F93-F546-4840-83B0-5AE49CD8B240}.Release|ARM.Build.0 = Release|Any CPU
		{01A14F93-F546-4840-83B0-5AE49CD8B240}.Release|iPhone.ActiveCfg = Release|Any CPU
		{01A14F93-F546-4840-83B0-5AE49CD8B240}.Release|iPhone.Build.0 = Release|Any CPU
		{01A14F93-F546-4840-83B0-5AE49CD8B240}.Release|iPhoneSimulator.ActiveCfg = Release|Any CPU
		{01A14F93-F546-4840-83B0-5AE49CD8B240}.Release|iPhoneSimulator.Build.0 = Release|Any CPU
		{01A14F93-F546-4840-83B0-5AE49CD8B240}.Release|x64.ActiveCfg = Release|Any CPU
		{01A14F93-F546-4840-83B0-5AE49CD8B240}.Release|x64.Build.0 = Release|Any CPU
		{01A14F93-F546-4840-83B0-5AE49CD8B240}.Release|x86.ActiveCfg = Release|Any CPU
		{01A14F93-F546-4840-83B0-5AE49CD8B240}.Release|x86.Build.0 = Release|Any CPU
		{D24CDD60-9D0F-4B94-8665-2DFD9DE961AD}.Debug|Any CPU.ActiveCfg = Debug|Any CPU
		{D24CDD60-9D0F-4B94-8665-2DFD9DE961AD}.Debug|Any CPU.Build.0 = Debug|Any CPU
		{D24CDD60-9D0F-4B94-8665-2DFD9DE961AD}.Debug|ARM.ActiveCfg = Debug|Any CPU
		{D24CDD60-9D0F-4B94-8665-2DFD9DE961AD}.Debug|ARM.Build.0 = Debug|Any CPU
		{D24CDD60-9D0F-4B94-8665-2DFD9DE961AD}.Debug|iPhone.ActiveCfg = Debug|Any CPU
		{D24CDD60-9D0F-4B94-8665-2DFD9DE961AD}.Debug|iPhone.Build.0 = Debug|Any CPU
		{D24CDD60-9D0F-4B94-8665-2DFD9DE961AD}.Debug|iPhoneSimulator.ActiveCfg = Debug|Any CPU
		{D24CDD60-9D0F-4B94-8665-2DFD9DE961AD}.Debug|iPhoneSimulator.Build.0 = Debug|Any CPU
		{D24CDD60-9D0F-4B94-8665-2DFD9DE961AD}.Debug|x64.ActiveCfg = Debug|Any CPU
		{D24CDD60-9D0F-4B94-8665-2DFD9DE961AD}.Debug|x64.Build.0 = Debug|Any CPU
		{D24CDD60-9D0F-4B94-8665-2DFD9DE961AD}.Debug|x86.ActiveCfg = Debug|Any CPU
		{D24CDD60-9D0F-4B94-8665-2DFD9DE961AD}.Debug|x86.Build.0 = Debug|Any CPU
		{D24CDD60-9D0F-4B94-8665-2DFD9DE961AD}.Release|Any CPU.ActiveCfg = Release|Any CPU
		{D24CDD60-9D0F-4B94-8665-2DFD9DE961AD}.Release|Any CPU.Build.0 = Release|Any CPU
		{D24CDD60-9D0F-4B94-8665-2DFD9DE961AD}.Release|ARM.ActiveCfg = Release|Any CPU
		{D24CDD60-9D0F-4B94-8665-2DFD9DE961AD}.Release|ARM.Build.0 = Release|Any CPU
		{D24CDD60-9D0F-4B94-8665-2DFD9DE961AD}.Release|iPhone.ActiveCfg = Release|Any CPU
		{D24CDD60-9D0F-4B94-8665-2DFD9DE961AD}.Release|iPhone.Build.0 = Release|Any CPU
		{D24CDD60-9D0F-4B94-8665-2DFD9DE961AD}.Release|iPhoneSimulator.ActiveCfg = Release|Any CPU
		{D24CDD60-9D0F-4B94-8665-2DFD9DE961AD}.Release|iPhoneSimulator.Build.0 = Release|Any CPU
		{D24CDD60-9D0F-4B94-8665-2DFD9DE961AD}.Release|x64.ActiveCfg = Release|Any CPU
		{D24CDD60-9D0F-4B94-8665-2DFD9DE961AD}.Release|x64.Build.0 = Release|Any CPU
		{D24CDD60-9D0F-4B94-8665-2DFD9DE961AD}.Release|x86.ActiveCfg = Release|Any CPU
		{D24CDD60-9D0F-4B94-8665-2DFD9DE961AD}.Release|x86.Build.0 = Release|Any CPU
		{E01C0980-4A14-498D-8DC5-11850E6D1B80}.Debug|Any CPU.ActiveCfg = Debug|Any CPU
		{E01C0980-4A14-498D-8DC5-11850E6D1B80}.Debug|Any CPU.Build.0 = Debug|Any CPU
		{E01C0980-4A14-498D-8DC5-11850E6D1B80}.Debug|ARM.ActiveCfg = Debug|Any CPU
		{E01C0980-4A14-498D-8DC5-11850E6D1B80}.Debug|ARM.Build.0 = Debug|Any CPU
		{E01C0980-4A14-498D-8DC5-11850E6D1B80}.Debug|iPhone.ActiveCfg = Debug|Any CPU
		{E01C0980-4A14-498D-8DC5-11850E6D1B80}.Debug|iPhone.Build.0 = Debug|Any CPU
		{E01C0980-4A14-498D-8DC5-11850E6D1B80}.Debug|iPhoneSimulator.ActiveCfg = Debug|Any CPU
		{E01C0980-4A14-498D-8DC5-11850E6D1B80}.Debug|iPhoneSimulator.Build.0 = Debug|Any CPU
		{E01C0980-4A14-498D-8DC5-11850E6D1B80}.Debug|x64.ActiveCfg = Debug|Any CPU
		{E01C0980-4A14-498D-8DC5-11850E6D1B80}.Debug|x64.Build.0 = Debug|Any CPU
		{E01C0980-4A14-498D-8DC5-11850E6D1B80}.Debug|x86.ActiveCfg = Debug|Any CPU
		{E01C0980-4A14-498D-8DC5-11850E6D1B80}.Debug|x86.Build.0 = Debug|Any CPU
		{E01C0980-4A14-498D-8DC5-11850E6D1B80}.Release|Any CPU.ActiveCfg = Release|Any CPU
		{E01C0980-4A14-498D-8DC5-11850E6D1B80}.Release|Any CPU.Build.0 = Release|Any CPU
		{E01C0980-4A14-498D-8DC5-11850E6D1B80}.Release|ARM.ActiveCfg = Release|Any CPU
		{E01C0980-4A14-498D-8DC5-11850E6D1B80}.Release|ARM.Build.0 = Release|Any CPU
		{E01C0980-4A14-498D-8DC5-11850E6D1B80}.Release|iPhone.ActiveCfg = Release|Any CPU
		{E01C0980-4A14-498D-8DC5-11850E6D1B80}.Release|iPhone.Build.0 = Release|Any CPU
		{E01C0980-4A14-498D-8DC5-11850E6D1B80}.Release|iPhoneSimulator.ActiveCfg = Release|Any CPU
		{E01C0980-4A14-498D-8DC5-11850E6D1B80}.Release|iPhoneSimulator.Build.0 = Release|Any CPU
		{E01C0980-4A14-498D-8DC5-11850E6D1B80}.Release|x64.ActiveCfg = Release|Any CPU
		{E01C0980-4A14-498D-8DC5-11850E6D1B80}.Release|x64.Build.0 = Release|Any CPU
		{E01C0980-4A14-498D-8DC5-11850E6D1B80}.Release|x86.ActiveCfg = Release|Any CPU
		{E01C0980-4A14-498D-8DC5-11850E6D1B80}.Release|x86.Build.0 = Release|Any CPU
		{BEF3B0CC-9AF6-4DA3-92FF-F3E1CCC64AA0}.Debug|Any CPU.ActiveCfg = Debug|Any CPU
		{BEF3B0CC-9AF6-4DA3-92FF-F3E1CCC64AA0}.Debug|Any CPU.Build.0 = Debug|Any CPU
		{BEF3B0CC-9AF6-4DA3-92FF-F3E1CCC64AA0}.Debug|ARM.ActiveCfg = Debug|Any CPU
		{BEF3B0CC-9AF6-4DA3-92FF-F3E1CCC64AA0}.Debug|ARM.Build.0 = Debug|Any CPU
		{BEF3B0CC-9AF6-4DA3-92FF-F3E1CCC64AA0}.Debug|iPhone.ActiveCfg = Debug|Any CPU
		{BEF3B0CC-9AF6-4DA3-92FF-F3E1CCC64AA0}.Debug|iPhone.Build.0 = Debug|Any CPU
		{BEF3B0CC-9AF6-4DA3-92FF-F3E1CCC64AA0}.Debug|iPhoneSimulator.ActiveCfg = Debug|Any CPU
		{BEF3B0CC-9AF6-4DA3-92FF-F3E1CCC64AA0}.Debug|iPhoneSimulator.Build.0 = Debug|Any CPU
		{BEF3B0CC-9AF6-4DA3-92FF-F3E1CCC64AA0}.Debug|x64.ActiveCfg = Debug|Any CPU
		{BEF3B0CC-9AF6-4DA3-92FF-F3E1CCC64AA0}.Debug|x64.Build.0 = Debug|Any CPU
		{BEF3B0CC-9AF6-4DA3-92FF-F3E1CCC64AA0}.Debug|x86.ActiveCfg = Debug|Any CPU
		{BEF3B0CC-9AF6-4DA3-92FF-F3E1CCC64AA0}.Debug|x86.Build.0 = Debug|Any CPU
		{BEF3B0CC-9AF6-4DA3-92FF-F3E1CCC64AA0}.Release|Any CPU.ActiveCfg = Release|Any CPU
		{BEF3B0CC-9AF6-4DA3-92FF-F3E1CCC64AA0}.Release|Any CPU.Build.0 = Release|Any CPU
		{BEF3B0CC-9AF6-4DA3-92FF-F3E1CCC64AA0}.Release|ARM.ActiveCfg = Release|Any CPU
		{BEF3B0CC-9AF6-4DA3-92FF-F3E1CCC64AA0}.Release|ARM.Build.0 = Release|Any CPU
		{BEF3B0CC-9AF6-4DA3-92FF-F3E1CCC64AA0}.Release|iPhone.ActiveCfg = Release|Any CPU
		{BEF3B0CC-9AF6-4DA3-92FF-F3E1CCC64AA0}.Release|iPhone.Build.0 = Release|Any CPU
		{BEF3B0CC-9AF6-4DA3-92FF-F3E1CCC64AA0}.Release|iPhoneSimulator.ActiveCfg = Release|Any CPU
		{BEF3B0CC-9AF6-4DA3-92FF-F3E1CCC64AA0}.Release|iPhoneSimulator.Build.0 = Release|Any CPU
		{BEF3B0CC-9AF6-4DA3-92FF-F3E1CCC64AA0}.Release|x64.ActiveCfg = Release|Any CPU
		{BEF3B0CC-9AF6-4DA3-92FF-F3E1CCC64AA0}.Release|x64.Build.0 = Release|Any CPU
		{BEF3B0CC-9AF6-4DA3-92FF-F3E1CCC64AA0}.Release|x86.ActiveCfg = Release|Any CPU
		{BEF3B0CC-9AF6-4DA3-92FF-F3E1CCC64AA0}.Release|x86.Build.0 = Release|Any CPU
		{56169EF7-7A8F-4AF5-8ECF-FDD48C074C10}.Debug|Any CPU.ActiveCfg = Debug|Any CPU
		{56169EF7-7A8F-4AF5-8ECF-FDD48C074C10}.Debug|Any CPU.Build.0 = Debug|Any CPU
		{56169EF7-7A8F-4AF5-8ECF-FDD48C074C10}.Debug|ARM.ActiveCfg = Debug|Any CPU
		{56169EF7-7A8F-4AF5-8ECF-FDD48C074C10}.Debug|ARM.Build.0 = Debug|Any CPU
		{56169EF7-7A8F-4AF5-8ECF-FDD48C074C10}.Debug|iPhone.ActiveCfg = Debug|Any CPU
		{56169EF7-7A8F-4AF5-8ECF-FDD48C074C10}.Debug|iPhone.Build.0 = Debug|Any CPU
		{56169EF7-7A8F-4AF5-8ECF-FDD48C074C10}.Debug|iPhoneSimulator.ActiveCfg = Debug|Any CPU
		{56169EF7-7A8F-4AF5-8ECF-FDD48C074C10}.Debug|iPhoneSimulator.Build.0 = Debug|Any CPU
		{56169EF7-7A8F-4AF5-8ECF-FDD48C074C10}.Debug|x64.ActiveCfg = Debug|Any CPU
		{56169EF7-7A8F-4AF5-8ECF-FDD48C074C10}.Debug|x64.Build.0 = Debug|Any CPU
		{56169EF7-7A8F-4AF5-8ECF-FDD48C074C10}.Debug|x86.ActiveCfg = Debug|Any CPU
		{56169EF7-7A8F-4AF5-8ECF-FDD48C074C10}.Debug|x86.Build.0 = Debug|Any CPU
		{56169EF7-7A8F-4AF5-8ECF-FDD48C074C10}.Release|Any CPU.ActiveCfg = Release|Any CPU
		{56169EF7-7A8F-4AF5-8ECF-FDD48C074C10}.Release|Any CPU.Build.0 = Release|Any CPU
		{56169EF7-7A8F-4AF5-8ECF-FDD48C074C10}.Release|ARM.ActiveCfg = Release|Any CPU
		{56169EF7-7A8F-4AF5-8ECF-FDD48C074C10}.Release|ARM.Build.0 = Release|Any CPU
		{56169EF7-7A8F-4AF5-8ECF-FDD48C074C10}.Release|iPhone.ActiveCfg = Release|Any CPU
		{56169EF7-7A8F-4AF5-8ECF-FDD48C074C10}.Release|iPhone.Build.0 = Release|Any CPU
		{56169EF7-7A8F-4AF5-8ECF-FDD48C074C10}.Release|iPhoneSimulator.ActiveCfg = Release|Any CPU
		{56169EF7-7A8F-4AF5-8ECF-FDD48C074C10}.Release|iPhoneSimulator.Build.0 = Release|Any CPU
		{56169EF7-7A8F-4AF5-8ECF-FDD48C074C10}.Release|x64.ActiveCfg = Release|Any CPU
		{56169EF7-7A8F-4AF5-8ECF-FDD48C074C10}.Release|x64.Build.0 = Release|Any CPU
		{56169EF7-7A8F-4AF5-8ECF-FDD48C074C10}.Release|x86.ActiveCfg = Release|Any CPU
		{56169EF7-7A8F-4AF5-8ECF-FDD48C074C10}.Release|x86.Build.0 = Release|Any CPU
		{A9C0DEA4-B1F1-4AFE-A622-9FB10E26D008}.Debug|Any CPU.ActiveCfg = Debug|Any CPU
		{A9C0DEA4-B1F1-4AFE-A622-9FB10E26D008}.Debug|Any CPU.Build.0 = Debug|Any CPU
		{A9C0DEA4-B1F1-4AFE-A622-9FB10E26D008}.Debug|ARM.ActiveCfg = Debug|Any CPU
		{A9C0DEA4-B1F1-4AFE-A622-9FB10E26D008}.Debug|ARM.Build.0 = Debug|Any CPU
		{A9C0DEA4-B1F1-4AFE-A622-9FB10E26D008}.Debug|iPhone.ActiveCfg = Debug|Any CPU
		{A9C0DEA4-B1F1-4AFE-A622-9FB10E26D008}.Debug|iPhone.Build.0 = Debug|Any CPU
		{A9C0DEA4-B1F1-4AFE-A622-9FB10E26D008}.Debug|iPhoneSimulator.ActiveCfg = Debug|Any CPU
		{A9C0DEA4-B1F1-4AFE-A622-9FB10E26D008}.Debug|iPhoneSimulator.Build.0 = Debug|Any CPU
		{A9C0DEA4-B1F1-4AFE-A622-9FB10E26D008}.Debug|x64.ActiveCfg = Debug|Any CPU
		{A9C0DEA4-B1F1-4AFE-A622-9FB10E26D008}.Debug|x64.Build.0 = Debug|Any CPU
		{A9C0DEA4-B1F1-4AFE-A622-9FB10E26D008}.Debug|x86.ActiveCfg = Debug|Any CPU
		{A9C0DEA4-B1F1-4AFE-A622-9FB10E26D008}.Debug|x86.Build.0 = Debug|Any CPU
		{A9C0DEA4-B1F1-4AFE-A622-9FB10E26D008}.Release|Any CPU.ActiveCfg = Release|Any CPU
		{A9C0DEA4-B1F1-4AFE-A622-9FB10E26D008}.Release|Any CPU.Build.0 = Release|Any CPU
		{A9C0DEA4-B1F1-4AFE-A622-9FB10E26D008}.Release|ARM.ActiveCfg = Release|Any CPU
		{A9C0DEA4-B1F1-4AFE-A622-9FB10E26D008}.Release|ARM.Build.0 = Release|Any CPU
		{A9C0DEA4-B1F1-4AFE-A622-9FB10E26D008}.Release|iPhone.ActiveCfg = Release|Any CPU
		{A9C0DEA4-B1F1-4AFE-A622-9FB10E26D008}.Release|iPhone.Build.0 = Release|Any CPU
		{A9C0DEA4-B1F1-4AFE-A622-9FB10E26D008}.Release|iPhoneSimulator.ActiveCfg = Release|Any CPU
		{A9C0DEA4-B1F1-4AFE-A622-9FB10E26D008}.Release|iPhoneSimulator.Build.0 = Release|Any CPU
		{A9C0DEA4-B1F1-4AFE-A622-9FB10E26D008}.Release|x64.ActiveCfg = Release|Any CPU
		{A9C0DEA4-B1F1-4AFE-A622-9FB10E26D008}.Release|x64.Build.0 = Release|Any CPU
		{A9C0DEA4-B1F1-4AFE-A622-9FB10E26D008}.Release|x86.ActiveCfg = Release|Any CPU
		{A9C0DEA4-B1F1-4AFE-A622-9FB10E26D008}.Release|x86.Build.0 = Release|Any CPU
		{0C146536-37B4-4EDE-9A59-4EE62A828FB4}.Debug|Any CPU.ActiveCfg = Debug|Any CPU
		{0C146536-37B4-4EDE-9A59-4EE62A828FB4}.Debug|Any CPU.Build.0 = Debug|Any CPU
		{0C146536-37B4-4EDE-9A59-4EE62A828FB4}.Debug|ARM.ActiveCfg = Debug|Any CPU
		{0C146536-37B4-4EDE-9A59-4EE62A828FB4}.Debug|ARM.Build.0 = Debug|Any CPU
		{0C146536-37B4-4EDE-9A59-4EE62A828FB4}.Debug|iPhone.ActiveCfg = Debug|Any CPU
		{0C146536-37B4-4EDE-9A59-4EE62A828FB4}.Debug|iPhone.Build.0 = Debug|Any CPU
		{0C146536-37B4-4EDE-9A59-4EE62A828FB4}.Debug|iPhoneSimulator.ActiveCfg = Debug|Any CPU
		{0C146536-37B4-4EDE-9A59-4EE62A828FB4}.Debug|iPhoneSimulator.Build.0 = Debug|Any CPU
		{0C146536-37B4-4EDE-9A59-4EE62A828FB4}.Debug|x64.ActiveCfg = Debug|Any CPU
		{0C146536-37B4-4EDE-9A59-4EE62A828FB4}.Debug|x64.Build.0 = Debug|Any CPU
		{0C146536-37B4-4EDE-9A59-4EE62A828FB4}.Debug|x86.ActiveCfg = Debug|Any CPU
		{0C146536-37B4-4EDE-9A59-4EE62A828FB4}.Debug|x86.Build.0 = Debug|Any CPU
		{0C146536-37B4-4EDE-9A59-4EE62A828FB4}.Release|Any CPU.ActiveCfg = Release|Any CPU
		{0C146536-37B4-4EDE-9A59-4EE62A828FB4}.Release|Any CPU.Build.0 = Release|Any CPU
		{0C146536-37B4-4EDE-9A59-4EE62A828FB4}.Release|ARM.ActiveCfg = Release|Any CPU
		{0C146536-37B4-4EDE-9A59-4EE62A828FB4}.Release|ARM.Build.0 = Release|Any CPU
		{0C146536-37B4-4EDE-9A59-4EE62A828FB4}.Release|iPhone.ActiveCfg = Release|Any CPU
		{0C146536-37B4-4EDE-9A59-4EE62A828FB4}.Release|iPhone.Build.0 = Release|Any CPU
		{0C146536-37B4-4EDE-9A59-4EE62A828FB4}.Release|iPhoneSimulator.ActiveCfg = Release|Any CPU
		{0C146536-37B4-4EDE-9A59-4EE62A828FB4}.Release|iPhoneSimulator.Build.0 = Release|Any CPU
		{0C146536-37B4-4EDE-9A59-4EE62A828FB4}.Release|x64.ActiveCfg = Release|Any CPU
		{0C146536-37B4-4EDE-9A59-4EE62A828FB4}.Release|x64.Build.0 = Release|Any CPU
		{0C146536-37B4-4EDE-9A59-4EE62A828FB4}.Release|x86.ActiveCfg = Release|Any CPU
		{0C146536-37B4-4EDE-9A59-4EE62A828FB4}.Release|x86.Build.0 = Release|Any CPU
		{B2035172-D7FC-4FB4-9D22-7A2C405DE5BE}.Debug|Any CPU.ActiveCfg = Debug|Any CPU
		{B2035172-D7FC-4FB4-9D22-7A2C405DE5BE}.Debug|Any CPU.Build.0 = Debug|Any CPU
		{B2035172-D7FC-4FB4-9D22-7A2C405DE5BE}.Debug|ARM.ActiveCfg = Debug|Any CPU
		{B2035172-D7FC-4FB4-9D22-7A2C405DE5BE}.Debug|ARM.Build.0 = Debug|Any CPU
		{B2035172-D7FC-4FB4-9D22-7A2C405DE5BE}.Debug|iPhone.ActiveCfg = Debug|Any CPU
		{B2035172-D7FC-4FB4-9D22-7A2C405DE5BE}.Debug|iPhone.Build.0 = Debug|Any CPU
		{B2035172-D7FC-4FB4-9D22-7A2C405DE5BE}.Debug|iPhoneSimulator.ActiveCfg = Debug|Any CPU
		{B2035172-D7FC-4FB4-9D22-7A2C405DE5BE}.Debug|iPhoneSimulator.Build.0 = Debug|Any CPU
		{B2035172-D7FC-4FB4-9D22-7A2C405DE5BE}.Debug|x64.ActiveCfg = Debug|Any CPU
		{B2035172-D7FC-4FB4-9D22-7A2C405DE5BE}.Debug|x64.Build.0 = Debug|Any CPU
		{B2035172-D7FC-4FB4-9D22-7A2C405DE5BE}.Debug|x86.ActiveCfg = Debug|Any CPU
		{B2035172-D7FC-4FB4-9D22-7A2C405DE5BE}.Debug|x86.Build.0 = Debug|Any CPU
		{B2035172-D7FC-4FB4-9D22-7A2C405DE5BE}.Release|Any CPU.ActiveCfg = Release|Any CPU
		{B2035172-D7FC-4FB4-9D22-7A2C405DE5BE}.Release|Any CPU.Build.0 = Release|Any CPU
		{B2035172-D7FC-4FB4-9D22-7A2C405DE5BE}.Release|ARM.ActiveCfg = Release|Any CPU
		{B2035172-D7FC-4FB4-9D22-7A2C405DE5BE}.Release|ARM.Build.0 = Release|Any CPU
		{B2035172-D7FC-4FB4-9D22-7A2C405DE5BE}.Release|iPhone.ActiveCfg = Release|Any CPU
		{B2035172-D7FC-4FB4-9D22-7A2C405DE5BE}.Release|iPhone.Build.0 = Release|Any CPU
		{B2035172-D7FC-4FB4-9D22-7A2C405DE5BE}.Release|iPhoneSimulator.ActiveCfg = Release|Any CPU
		{B2035172-D7FC-4FB4-9D22-7A2C405DE5BE}.Release|iPhoneSimulator.Build.0 = Release|Any CPU
		{B2035172-D7FC-4FB4-9D22-7A2C405DE5BE}.Release|x64.ActiveCfg = Release|Any CPU
		{B2035172-D7FC-4FB4-9D22-7A2C405DE5BE}.Release|x64.Build.0 = Release|Any CPU
		{B2035172-D7FC-4FB4-9D22-7A2C405DE5BE}.Release|x86.ActiveCfg = Release|Any CPU
		{B2035172-D7FC-4FB4-9D22-7A2C405DE5BE}.Release|x86.Build.0 = Release|Any CPU
		{07D9459C-6DA5-4780-8299-D54B1FFB02C0}.Debug|Any CPU.ActiveCfg = Debug|x86
		{07D9459C-6DA5-4780-8299-D54B1FFB02C0}.Debug|ARM.ActiveCfg = Debug|ARM
		{07D9459C-6DA5-4780-8299-D54B1FFB02C0}.Debug|ARM.Build.0 = Debug|ARM
		{07D9459C-6DA5-4780-8299-D54B1FFB02C0}.Debug|ARM.Deploy.0 = Debug|ARM
		{07D9459C-6DA5-4780-8299-D54B1FFB02C0}.Debug|iPhone.ActiveCfg = Debug|x86
		{07D9459C-6DA5-4780-8299-D54B1FFB02C0}.Debug|iPhoneSimulator.ActiveCfg = Debug|x86
		{07D9459C-6DA5-4780-8299-D54B1FFB02C0}.Debug|x64.ActiveCfg = Debug|x64
		{07D9459C-6DA5-4780-8299-D54B1FFB02C0}.Debug|x64.Build.0 = Debug|x64
		{07D9459C-6DA5-4780-8299-D54B1FFB02C0}.Debug|x64.Deploy.0 = Debug|x64
		{07D9459C-6DA5-4780-8299-D54B1FFB02C0}.Debug|x86.ActiveCfg = Debug|x86
		{07D9459C-6DA5-4780-8299-D54B1FFB02C0}.Debug|x86.Build.0 = Debug|x86
		{07D9459C-6DA5-4780-8299-D54B1FFB02C0}.Debug|x86.Deploy.0 = Debug|x86
		{07D9459C-6DA5-4780-8299-D54B1FFB02C0}.Release|Any CPU.ActiveCfg = Release|x86
		{07D9459C-6DA5-4780-8299-D54B1FFB02C0}.Release|ARM.ActiveCfg = Release|ARM
		{07D9459C-6DA5-4780-8299-D54B1FFB02C0}.Release|ARM.Build.0 = Release|ARM
		{07D9459C-6DA5-4780-8299-D54B1FFB02C0}.Release|ARM.Deploy.0 = Release|ARM
		{07D9459C-6DA5-4780-8299-D54B1FFB02C0}.Release|iPhone.ActiveCfg = Release|x86
		{07D9459C-6DA5-4780-8299-D54B1FFB02C0}.Release|iPhoneSimulator.ActiveCfg = Release|x86
		{07D9459C-6DA5-4780-8299-D54B1FFB02C0}.Release|x64.ActiveCfg = Release|x64
		{07D9459C-6DA5-4780-8299-D54B1FFB02C0}.Release|x64.Build.0 = Release|x64
		{07D9459C-6DA5-4780-8299-D54B1FFB02C0}.Release|x64.Deploy.0 = Release|x64
		{07D9459C-6DA5-4780-8299-D54B1FFB02C0}.Release|x86.ActiveCfg = Release|x86
		{07D9459C-6DA5-4780-8299-D54B1FFB02C0}.Release|x86.Build.0 = Release|x86
		{07D9459C-6DA5-4780-8299-D54B1FFB02C0}.Release|x86.Deploy.0 = Release|x86
		{FD276DB9-608F-49C3-A6B3-6CD3D36E2473}.Debug|Any CPU.ActiveCfg = Debug|Any CPU
		{FD276DB9-608F-49C3-A6B3-6CD3D36E2473}.Debug|Any CPU.Build.0 = Debug|Any CPU
		{FD276DB9-608F-49C3-A6B3-6CD3D36E2473}.Debug|Any CPU.Deploy.0 = Debug|Any CPU
		{FD276DB9-608F-49C3-A6B3-6CD3D36E2473}.Debug|ARM.ActiveCfg = Debug|Any CPU
		{FD276DB9-608F-49C3-A6B3-6CD3D36E2473}.Debug|ARM.Build.0 = Debug|Any CPU
		{FD276DB9-608F-49C3-A6B3-6CD3D36E2473}.Debug|ARM.Deploy.0 = Debug|Any CPU
		{FD276DB9-608F-49C3-A6B3-6CD3D36E2473}.Debug|iPhone.ActiveCfg = Debug|Any CPU
		{FD276DB9-608F-49C3-A6B3-6CD3D36E2473}.Debug|iPhone.Build.0 = Debug|Any CPU
		{FD276DB9-608F-49C3-A6B3-6CD3D36E2473}.Debug|iPhone.Deploy.0 = Debug|Any CPU
		{FD276DB9-608F-49C3-A6B3-6CD3D36E2473}.Debug|iPhoneSimulator.ActiveCfg = Debug|Any CPU
		{FD276DB9-608F-49C3-A6B3-6CD3D36E2473}.Debug|iPhoneSimulator.Build.0 = Debug|Any CPU
		{FD276DB9-608F-49C3-A6B3-6CD3D36E2473}.Debug|iPhoneSimulator.Deploy.0 = Debug|Any CPU
		{FD276DB9-608F-49C3-A6B3-6CD3D36E2473}.Debug|x64.ActiveCfg = Debug|Any CPU
		{FD276DB9-608F-49C3-A6B3-6CD3D36E2473}.Debug|x64.Build.0 = Debug|Any CPU
		{FD276DB9-608F-49C3-A6B3-6CD3D36E2473}.Debug|x64.Deploy.0 = Debug|Any CPU
		{FD276DB9-608F-49C3-A6B3-6CD3D36E2473}.Debug|x86.ActiveCfg = Debug|Any CPU
		{FD276DB9-608F-49C3-A6B3-6CD3D36E2473}.Debug|x86.Build.0 = Debug|Any CPU
		{FD276DB9-608F-49C3-A6B3-6CD3D36E2473}.Debug|x86.Deploy.0 = Debug|Any CPU
		{FD276DB9-608F-49C3-A6B3-6CD3D36E2473}.Release|Any CPU.ActiveCfg = Release|Any CPU
		{FD276DB9-608F-49C3-A6B3-6CD3D36E2473}.Release|Any CPU.Build.0 = Release|Any CPU
		{FD276DB9-608F-49C3-A6B3-6CD3D36E2473}.Release|Any CPU.Deploy.0 = Release|Any CPU
		{FD276DB9-608F-49C3-A6B3-6CD3D36E2473}.Release|ARM.ActiveCfg = Release|Any CPU
		{FD276DB9-608F-49C3-A6B3-6CD3D36E2473}.Release|ARM.Build.0 = Release|Any CPU
		{FD276DB9-608F-49C3-A6B3-6CD3D36E2473}.Release|ARM.Deploy.0 = Release|Any CPU
		{FD276DB9-608F-49C3-A6B3-6CD3D36E2473}.Release|iPhone.ActiveCfg = Release|Any CPU
		{FD276DB9-608F-49C3-A6B3-6CD3D36E2473}.Release|iPhone.Build.0 = Release|Any CPU
		{FD276DB9-608F-49C3-A6B3-6CD3D36E2473}.Release|iPhone.Deploy.0 = Release|Any CPU
		{FD276DB9-608F-49C3-A6B3-6CD3D36E2473}.Release|iPhoneSimulator.ActiveCfg = Release|Any CPU
		{FD276DB9-608F-49C3-A6B3-6CD3D36E2473}.Release|iPhoneSimulator.Build.0 = Release|Any CPU
		{FD276DB9-608F-49C3-A6B3-6CD3D36E2473}.Release|iPhoneSimulator.Deploy.0 = Release|Any CPU
		{FD276DB9-608F-49C3-A6B3-6CD3D36E2473}.Release|x64.ActiveCfg = Release|Any CPU
		{FD276DB9-608F-49C3-A6B3-6CD3D36E2473}.Release|x64.Build.0 = Release|Any CPU
		{FD276DB9-608F-49C3-A6B3-6CD3D36E2473}.Release|x64.Deploy.0 = Release|Any CPU
		{FD276DB9-608F-49C3-A6B3-6CD3D36E2473}.Release|x86.ActiveCfg = Release|Any CPU
		{FD276DB9-608F-49C3-A6B3-6CD3D36E2473}.Release|x86.Build.0 = Release|Any CPU
		{FD276DB9-608F-49C3-A6B3-6CD3D36E2473}.Release|x86.Deploy.0 = Release|Any CPU
		{BB9B62A7-8F47-4CFE-9DC9-6888E7B2518B}.Debug|Any CPU.ActiveCfg = Debug|iPhone
		{BB9B62A7-8F47-4CFE-9DC9-6888E7B2518B}.Debug|ARM.ActiveCfg = Debug|iPhone
		{BB9B62A7-8F47-4CFE-9DC9-6888E7B2518B}.Debug|iPhone.ActiveCfg = Debug|iPhone
		{BB9B62A7-8F47-4CFE-9DC9-6888E7B2518B}.Debug|iPhone.Build.0 = Debug|iPhone
		{BB9B62A7-8F47-4CFE-9DC9-6888E7B2518B}.Debug|iPhoneSimulator.ActiveCfg = Debug|iPhoneSimulator
		{BB9B62A7-8F47-4CFE-9DC9-6888E7B2518B}.Debug|iPhoneSimulator.Build.0 = Debug|iPhoneSimulator
		{BB9B62A7-8F47-4CFE-9DC9-6888E7B2518B}.Debug|x64.ActiveCfg = Debug|iPhone
		{BB9B62A7-8F47-4CFE-9DC9-6888E7B2518B}.Debug|x86.ActiveCfg = Debug|iPhone
		{BB9B62A7-8F47-4CFE-9DC9-6888E7B2518B}.Release|Any CPU.ActiveCfg = Release|iPhone
		{BB9B62A7-8F47-4CFE-9DC9-6888E7B2518B}.Release|ARM.ActiveCfg = Release|iPhone
		{BB9B62A7-8F47-4CFE-9DC9-6888E7B2518B}.Release|iPhone.ActiveCfg = Release|iPhone
		{BB9B62A7-8F47-4CFE-9DC9-6888E7B2518B}.Release|iPhone.Build.0 = Release|iPhone
		{BB9B62A7-8F47-4CFE-9DC9-6888E7B2518B}.Release|iPhoneSimulator.ActiveCfg = Release|iPhoneSimulator
		{BB9B62A7-8F47-4CFE-9DC9-6888E7B2518B}.Release|iPhoneSimulator.Build.0 = Release|iPhoneSimulator
		{BB9B62A7-8F47-4CFE-9DC9-6888E7B2518B}.Release|x64.ActiveCfg = Release|iPhone
		{BB9B62A7-8F47-4CFE-9DC9-6888E7B2518B}.Release|x86.ActiveCfg = Release|iPhone
		{F4D56D57-E2B8-4C93-82CF-00357A7BC6EF}.Debug|Any CPU.ActiveCfg = Debug|Any CPU
		{F4D56D57-E2B8-4C93-82CF-00357A7BC6EF}.Debug|Any CPU.Build.0 = Debug|Any CPU
		{F4D56D57-E2B8-4C93-82CF-00357A7BC6EF}.Debug|ARM.ActiveCfg = Debug|Any CPU
		{F4D56D57-E2B8-4C93-82CF-00357A7BC6EF}.Debug|ARM.Build.0 = Debug|Any CPU
		{F4D56D57-E2B8-4C93-82CF-00357A7BC6EF}.Debug|iPhone.ActiveCfg = Debug|Any CPU
		{F4D56D57-E2B8-4C93-82CF-00357A7BC6EF}.Debug|iPhone.Build.0 = Debug|Any CPU
		{F4D56D57-E2B8-4C93-82CF-00357A7BC6EF}.Debug|iPhoneSimulator.ActiveCfg = Debug|Any CPU
		{F4D56D57-E2B8-4C93-82CF-00357A7BC6EF}.Debug|iPhoneSimulator.Build.0 = Debug|Any CPU
		{F4D56D57-E2B8-4C93-82CF-00357A7BC6EF}.Debug|x64.ActiveCfg = Debug|Any CPU
		{F4D56D57-E2B8-4C93-82CF-00357A7BC6EF}.Debug|x64.Build.0 = Debug|Any CPU
		{F4D56D57-E2B8-4C93-82CF-00357A7BC6EF}.Debug|x86.ActiveCfg = Debug|Any CPU
		{F4D56D57-E2B8-4C93-82CF-00357A7BC6EF}.Debug|x86.Build.0 = Debug|Any CPU
		{F4D56D57-E2B8-4C93-82CF-00357A7BC6EF}.Release|Any CPU.ActiveCfg = Release|Any CPU
		{F4D56D57-E2B8-4C93-82CF-00357A7BC6EF}.Release|Any CPU.Build.0 = Release|Any CPU
		{F4D56D57-E2B8-4C93-82CF-00357A7BC6EF}.Release|ARM.ActiveCfg = Release|Any CPU
		{F4D56D57-E2B8-4C93-82CF-00357A7BC6EF}.Release|ARM.Build.0 = Release|Any CPU
		{F4D56D57-E2B8-4C93-82CF-00357A7BC6EF}.Release|iPhone.ActiveCfg = Release|Any CPU
		{F4D56D57-E2B8-4C93-82CF-00357A7BC6EF}.Release|iPhone.Build.0 = Release|Any CPU
		{F4D56D57-E2B8-4C93-82CF-00357A7BC6EF}.Release|iPhoneSimulator.ActiveCfg = Release|Any CPU
		{F4D56D57-E2B8-4C93-82CF-00357A7BC6EF}.Release|iPhoneSimulator.Build.0 = Release|Any CPU
		{F4D56D57-E2B8-4C93-82CF-00357A7BC6EF}.Release|x64.ActiveCfg = Release|Any CPU
		{F4D56D57-E2B8-4C93-82CF-00357A7BC6EF}.Release|x64.Build.0 = Release|Any CPU
		{F4D56D57-E2B8-4C93-82CF-00357A7BC6EF}.Release|x86.ActiveCfg = Release|Any CPU
		{F4D56D57-E2B8-4C93-82CF-00357A7BC6EF}.Release|x86.Build.0 = Release|Any CPU
		{ACD9F0DC-AAAA-4A30-AB9F-59D02EBD38E2}.Debug|Any CPU.ActiveCfg = Debug|Any CPU
		{ACD9F0DC-AAAA-4A30-AB9F-59D02EBD38E2}.Debug|Any CPU.Build.0 = Debug|Any CPU
		{ACD9F0DC-AAAA-4A30-AB9F-59D02EBD38E2}.Debug|ARM.ActiveCfg = Debug|Any CPU
		{ACD9F0DC-AAAA-4A30-AB9F-59D02EBD38E2}.Debug|ARM.Build.0 = Debug|Any CPU
		{ACD9F0DC-AAAA-4A30-AB9F-59D02EBD38E2}.Debug|iPhone.ActiveCfg = Debug|Any CPU
		{ACD9F0DC-AAAA-4A30-AB9F-59D02EBD38E2}.Debug|iPhone.Build.0 = Debug|Any CPU
		{ACD9F0DC-AAAA-4A30-AB9F-59D02EBD38E2}.Debug|iPhoneSimulator.ActiveCfg = Debug|Any CPU
		{ACD9F0DC-AAAA-4A30-AB9F-59D02EBD38E2}.Debug|iPhoneSimulator.Build.0 = Debug|Any CPU
		{ACD9F0DC-AAAA-4A30-AB9F-59D02EBD38E2}.Debug|x64.ActiveCfg = Debug|Any CPU
		{ACD9F0DC-AAAA-4A30-AB9F-59D02EBD38E2}.Debug|x64.Build.0 = Debug|Any CPU
		{ACD9F0DC-AAAA-4A30-AB9F-59D02EBD38E2}.Debug|x86.ActiveCfg = Debug|Any CPU
		{ACD9F0DC-AAAA-4A30-AB9F-59D02EBD38E2}.Debug|x86.Build.0 = Debug|Any CPU
		{ACD9F0DC-AAAA-4A30-AB9F-59D02EBD38E2}.Release|Any CPU.ActiveCfg = Release|Any CPU
		{ACD9F0DC-AAAA-4A30-AB9F-59D02EBD38E2}.Release|Any CPU.Build.0 = Release|Any CPU
		{ACD9F0DC-AAAA-4A30-AB9F-59D02EBD38E2}.Release|ARM.ActiveCfg = Release|Any CPU
		{ACD9F0DC-AAAA-4A30-AB9F-59D02EBD38E2}.Release|ARM.Build.0 = Release|Any CPU
		{ACD9F0DC-AAAA-4A30-AB9F-59D02EBD38E2}.Release|iPhone.ActiveCfg = Release|Any CPU
		{ACD9F0DC-AAAA-4A30-AB9F-59D02EBD38E2}.Release|iPhone.Build.0 = Release|Any CPU
		{ACD9F0DC-AAAA-4A30-AB9F-59D02EBD38E2}.Release|iPhoneSimulator.ActiveCfg = Release|Any CPU
		{ACD9F0DC-AAAA-4A30-AB9F-59D02EBD38E2}.Release|iPhoneSimulator.Build.0 = Release|Any CPU
		{ACD9F0DC-AAAA-4A30-AB9F-59D02EBD38E2}.Release|x64.ActiveCfg = Release|Any CPU
		{ACD9F0DC-AAAA-4A30-AB9F-59D02EBD38E2}.Release|x64.Build.0 = Release|Any CPU
		{ACD9F0DC-AAAA-4A30-AB9F-59D02EBD38E2}.Release|x86.ActiveCfg = Release|Any CPU
		{ACD9F0DC-AAAA-4A30-AB9F-59D02EBD38E2}.Release|x86.Build.0 = Release|Any CPU
		{2D10727F-5AAF-488D-9E1E-0D9B2DB640C3}.Debug|Any CPU.ActiveCfg = Debug|Any CPU
		{2D10727F-5AAF-488D-9E1E-0D9B2DB640C3}.Debug|Any CPU.Build.0 = Debug|Any CPU
		{2D10727F-5AAF-488D-9E1E-0D9B2DB640C3}.Debug|ARM.ActiveCfg = Debug|Any CPU
		{2D10727F-5AAF-488D-9E1E-0D9B2DB640C3}.Debug|ARM.Build.0 = Debug|Any CPU
		{2D10727F-5AAF-488D-9E1E-0D9B2DB640C3}.Debug|iPhone.ActiveCfg = Debug|Any CPU
		{2D10727F-5AAF-488D-9E1E-0D9B2DB640C3}.Debug|iPhone.Build.0 = Debug|Any CPU
		{2D10727F-5AAF-488D-9E1E-0D9B2DB640C3}.Debug|iPhoneSimulator.ActiveCfg = Debug|Any CPU
		{2D10727F-5AAF-488D-9E1E-0D9B2DB640C3}.Debug|iPhoneSimulator.Build.0 = Debug|Any CPU
		{2D10727F-5AAF-488D-9E1E-0D9B2DB640C3}.Debug|x64.ActiveCfg = Debug|Any CPU
		{2D10727F-5AAF-488D-9E1E-0D9B2DB640C3}.Debug|x64.Build.0 = Debug|Any CPU
		{2D10727F-5AAF-488D-9E1E-0D9B2DB640C3}.Debug|x86.ActiveCfg = Debug|Any CPU
		{2D10727F-5AAF-488D-9E1E-0D9B2DB640C3}.Debug|x86.Build.0 = Debug|Any CPU
		{2D10727F-5AAF-488D-9E1E-0D9B2DB640C3}.Release|Any CPU.ActiveCfg = Release|Any CPU
		{2D10727F-5AAF-488D-9E1E-0D9B2DB640C3}.Release|Any CPU.Build.0 = Release|Any CPU
		{2D10727F-5AAF-488D-9E1E-0D9B2DB640C3}.Release|ARM.ActiveCfg = Release|Any CPU
		{2D10727F-5AAF-488D-9E1E-0D9B2DB640C3}.Release|ARM.Build.0 = Release|Any CPU
		{2D10727F-5AAF-488D-9E1E-0D9B2DB640C3}.Release|iPhone.ActiveCfg = Release|Any CPU
		{2D10727F-5AAF-488D-9E1E-0D9B2DB640C3}.Release|iPhone.Build.0 = Release|Any CPU
		{2D10727F-5AAF-488D-9E1E-0D9B2DB640C3}.Release|iPhoneSimulator.ActiveCfg = Release|Any CPU
		{2D10727F-5AAF-488D-9E1E-0D9B2DB640C3}.Release|iPhoneSimulator.Build.0 = Release|Any CPU
		{2D10727F-5AAF-488D-9E1E-0D9B2DB640C3}.Release|x64.ActiveCfg = Release|Any CPU
		{2D10727F-5AAF-488D-9E1E-0D9B2DB640C3}.Release|x64.Build.0 = Release|Any CPU
		{2D10727F-5AAF-488D-9E1E-0D9B2DB640C3}.Release|x86.ActiveCfg = Release|Any CPU
		{2D10727F-5AAF-488D-9E1E-0D9B2DB640C3}.Release|x86.Build.0 = Release|Any CPU
	EndGlobalSection
	GlobalSection(SolutionProperties) = preSolution
		HideSolutionNode = FALSE
	EndGlobalSection
	GlobalSection(NestedProjects) = preSolution
		{C3D1CBB7-F467-4178-ABCD-AB6A07E2C851} = {D5BA7B2C-DF3C-44AE-BCD9-0860F49BE7CB}
		{583D7C78-A187-44CB-A08C-3191CAC2E5BA} = {D5BA7B2C-DF3C-44AE-BCD9-0860F49BE7CB}
		{2624A4B6-2BEE-46C7-B012-8FA4C3E9609F} = {D5BA7B2C-DF3C-44AE-BCD9-0860F49BE7CB}
		{B5B0D826-9A9F-4F1B-B4B4-0ADB5E516E69} = {D5BA7B2C-DF3C-44AE-BCD9-0860F49BE7CB}
		{92D02EE9-486D-4461-8D82-39FF27A165F3} = {D5BA7B2C-DF3C-44AE-BCD9-0860F49BE7CB}
		{01A14F93-F546-4840-83B0-5AE49CD8B240} = {92D02EE9-486D-4461-8D82-39FF27A165F3}
		{D24CDD60-9D0F-4B94-8665-2DFD9DE961AD} = {C3D1CBB7-F467-4178-ABCD-AB6A07E2C851}
		{E01C0980-4A14-498D-8DC5-11850E6D1B80} = {C3D1CBB7-F467-4178-ABCD-AB6A07E2C851}
		{BEF3B0CC-9AF6-4DA3-92FF-F3E1CCC64AA0} = {92D02EE9-486D-4461-8D82-39FF27A165F3}
		{BFB175AD-F8AC-4CAE-9868-77331E81DD4B} = {D5BA7B2C-DF3C-44AE-BCD9-0860F49BE7CB}
		{56169EF7-7A8F-4AF5-8ECF-FDD48C074C10} = {BFB175AD-F8AC-4CAE-9868-77331E81DD4B}
		{A9C0DEA4-B1F1-4AFE-A622-9FB10E26D008} = {92D02EE9-486D-4461-8D82-39FF27A165F3}
		{0C146536-37B4-4EDE-9A59-4EE62A828FB4} = {92D02EE9-486D-4461-8D82-39FF27A165F3}
		{59D3DC64-3AEC-4DA8-8CBC-A264D30D76D5} = {D5BA7B2C-DF3C-44AE-BCD9-0860F49BE7CB}
		{B2035172-D7FC-4FB4-9D22-7A2C405DE5BE} = {59D3DC64-3AEC-4DA8-8CBC-A264D30D76D5}
		{07D9459C-6DA5-4780-8299-D54B1FFB02C0} = {2624A4B6-2BEE-46C7-B012-8FA4C3E9609F}
		{FD276DB9-608F-49C3-A6B3-6CD3D36E2473} = {2624A4B6-2BEE-46C7-B012-8FA4C3E9609F}
		{BB9B62A7-8F47-4CFE-9DC9-6888E7B2518B} = {2624A4B6-2BEE-46C7-B012-8FA4C3E9609F}
		{F4D56D57-E2B8-4C93-82CF-00357A7BC6EF} = {2624A4B6-2BEE-46C7-B012-8FA4C3E9609F}
		{ACD9F0DC-AAAA-4A30-AB9F-59D02EBD38E2} = {C3D1CBB7-F467-4178-ABCD-AB6A07E2C851}
		{2D10727F-5AAF-488D-9E1E-0D9B2DB640C3} = {BFB175AD-F8AC-4CAE-9868-77331E81DD4B}
	EndGlobalSection
	GlobalSection(ExtensibilityGlobals) = postSolution
		SolutionGuid = {FBE524F9-65A0-40F8-AF78-4A1D697B76A9}
	EndGlobalSection
EndGlobal
