
Microsoft Visual Studio Solution File, Format Version 12.00
# Visual Studio Version 16
VisualStudioVersion = 16.0.29521.150
MinimumVisualStudioVersion = 15.0.26124.0
Project("{2150E333-8FDC-42A3-9474-1A3956D46DE8}") = "src", "src", "{D5BA7B2C-DF3C-44AE-BCD9-0860F49BE7CB}"
EndProject
Project("{2150E333-8FDC-42A3-9474-1A3956D46DE8}") = "services", "services", "{C3D1CBB7-F467-4178-ABCD-AB6A07E2C851}"
EndProject
Project("{2150E333-8FDC-42A3-9474-1A3956D46DE8}") = "shared", "shared", "{583D7C78-A187-44CB-A08C-3191CAC2E5BA}"
EndProject
Project("{2150E333-8FDC-42A3-9474-1A3956D46DE8}") = "mobile", "mobile", "{2624A4B6-2BEE-46C7-B012-8FA4C3E9609F}"
EndProject
Project("{2150E333-8FDC-42A3-9474-1A3956D46DE8}") = "devices", "devices", "{B5B0D826-9A9F-4F1B-B4B4-0ADB5E516E69}"
EndProject
Project("{2150E333-8FDC-42A3-9474-1A3956D46DE8}") = "tools", "tools", "{92D02EE9-486D-4461-8D82-39FF27A165F3}"
EndProject
Project("{9A19103F-16F7-4668-BE54-9A1E7A4F7556}") = "KeyGenerator", "src\tools\KeyGenerator\KeyGenerator.csproj", "{01A14F93-F546-4840-83B0-5AE49CD8B240}"
EndProject
Project("{9A19103F-16F7-4668-BE54-9A1E7A4F7556}") = "Entity.Service", "src\services\Project.Service\Entity.Service.csproj", "{D24CDD60-9D0F-4B94-8665-2DFD9DE961AD}"
EndProject
Project("{9A19103F-16F7-4668-BE54-9A1E7A4F7556}") = "ProvisioningService.Management.Client", "src\services\ProvisioningService.Management.Client\ProvisioningService.Management.Client.csproj", "{E01C0980-4A14-498D-8DC5-11850E6D1B80}"
EndProject
Project("{FAE04EC0-301F-11D3-BF4B-00C04F79EFBC}") = "SymetricKeyGenerator", "src\tools\SymetricKeyGenerator\SymetricKeyGenerator.csproj", "{BEF3B0CC-9AF6-4DA3-92FF-F3E1CCC64AA0}"
EndProject
Project("{2150E333-8FDC-42A3-9474-1A3956D46DE8}") = "workers", "workers", "{BFB175AD-F8AC-4CAE-9868-77331E81DD4B}"
EndProject
Project("{9A19103F-16F7-4668-BE54-9A1E7A4F7556}") = "Message.Worker", "src\workers\Message.Worker\Message.Worker.csproj", "{56169EF7-7A8F-4AF5-8ECF-FDD48C074C10}"
EndProject
Project("{FAE04EC0-301F-11D3-BF4B-00C04F79EFBC}") = "SimulatedDevice", "src\tools\SimulatedDevice\SimulatedDevice.csproj", "{A9C0DEA4-B1F1-4AFE-A622-9FB10E26D008}"
EndProject
Project("{FAE04EC0-301F-11D3-BF4B-00C04F79EFBC}") = "DebugTools", "src\tools\DebugTools\DebugTools.csproj", "{0C146536-37B4-4EDE-9A59-4EE62A828FB4}"
EndProject
Global
	GlobalSection(SolutionConfigurationPlatforms) = preSolution
		Debug|Any CPU = Debug|Any CPU
		Debug|x64 = Debug|x64
		Debug|x86 = Debug|x86
		Release|Any CPU = Release|Any CPU
		Release|x64 = Release|x64
		Release|x86 = Release|x86
	EndGlobalSection
	GlobalSection(ProjectConfigurationPlatforms) = postSolution
		{01A14F93-F546-4840-83B0-5AE49CD8B240}.Debug|Any CPU.ActiveCfg = Debug|Any CPU
		{01A14F93-F546-4840-83B0-5AE49CD8B240}.Debug|Any CPU.Build.0 = Debug|Any CPU
		{01A14F93-F546-4840-83B0-5AE49CD8B240}.Debug|x64.ActiveCfg = Debug|Any CPU
		{01A14F93-F546-4840-83B0-5AE49CD8B240}.Debug|x64.Build.0 = Debug|Any CPU
		{01A14F93-F546-4840-83B0-5AE49CD8B240}.Debug|x86.ActiveCfg = Debug|Any CPU
		{01A14F93-F546-4840-83B0-5AE49CD8B240}.Debug|x86.Build.0 = Debug|Any CPU
		{01A14F93-F546-4840-83B0-5AE49CD8B240}.Release|Any CPU.ActiveCfg = Release|Any CPU
		{01A14F93-F546-4840-83B0-5AE49CD8B240}.Release|Any CPU.Build.0 = Release|Any CPU
		{01A14F93-F546-4840-83B0-5AE49CD8B240}.Release|x64.ActiveCfg = Release|Any CPU
		{01A14F93-F546-4840-83B0-5AE49CD8B240}.Release|x64.Build.0 = Release|Any CPU
		{01A14F93-F546-4840-83B0-5AE49CD8B240}.Release|x86.ActiveCfg = Release|Any CPU
		{01A14F93-F546-4840-83B0-5AE49CD8B240}.Release|x86.Build.0 = Release|Any CPU
		{D24CDD60-9D0F-4B94-8665-2DFD9DE961AD}.Debug|Any CPU.ActiveCfg = Debug|Any CPU
		{D24CDD60-9D0F-4B94-8665-2DFD9DE961AD}.Debug|Any CPU.Build.0 = Debug|Any CPU
		{D24CDD60-9D0F-4B94-8665-2DFD9DE961AD}.Debug|x64.ActiveCfg = Debug|Any CPU
		{D24CDD60-9D0F-4B94-8665-2DFD9DE961AD}.Debug|x64.Build.0 = Debug|Any CPU
		{D24CDD60-9D0F-4B94-8665-2DFD9DE961AD}.Debug|x86.ActiveCfg = Debug|Any CPU
		{D24CDD60-9D0F-4B94-8665-2DFD9DE961AD}.Debug|x86.Build.0 = Debug|Any CPU
		{D24CDD60-9D0F-4B94-8665-2DFD9DE961AD}.Release|Any CPU.ActiveCfg = Release|Any CPU
		{D24CDD60-9D0F-4B94-8665-2DFD9DE961AD}.Release|Any CPU.Build.0 = Release|Any CPU
		{D24CDD60-9D0F-4B94-8665-2DFD9DE961AD}.Release|x64.ActiveCfg = Release|Any CPU
		{D24CDD60-9D0F-4B94-8665-2DFD9DE961AD}.Release|x64.Build.0 = Release|Any CPU
		{D24CDD60-9D0F-4B94-8665-2DFD9DE961AD}.Release|x86.ActiveCfg = Release|Any CPU
		{D24CDD60-9D0F-4B94-8665-2DFD9DE961AD}.Release|x86.Build.0 = Release|Any CPU
		{E01C0980-4A14-498D-8DC5-11850E6D1B80}.Debug|Any CPU.ActiveCfg = Debug|Any CPU
		{E01C0980-4A14-498D-8DC5-11850E6D1B80}.Debug|Any CPU.Build.0 = Debug|Any CPU
		{E01C0980-4A14-498D-8DC5-11850E6D1B80}.Debug|x64.ActiveCfg = Debug|Any CPU
		{E01C0980-4A14-498D-8DC5-11850E6D1B80}.Debug|x64.Build.0 = Debug|Any CPU
		{E01C0980-4A14-498D-8DC5-11850E6D1B80}.Debug|x86.ActiveCfg = Debug|Any CPU
		{E01C0980-4A14-498D-8DC5-11850E6D1B80}.Debug|x86.Build.0 = Debug|Any CPU
		{E01C0980-4A14-498D-8DC5-11850E6D1B80}.Release|Any CPU.ActiveCfg = Release|Any CPU
		{E01C0980-4A14-498D-8DC5-11850E6D1B80}.Release|Any CPU.Build.0 = Release|Any CPU
		{E01C0980-4A14-498D-8DC5-11850E6D1B80}.Release|x64.ActiveCfg = Release|Any CPU
		{E01C0980-4A14-498D-8DC5-11850E6D1B80}.Release|x64.Build.0 = Release|Any CPU
		{E01C0980-4A14-498D-8DC5-11850E6D1B80}.Release|x86.ActiveCfg = Release|Any CPU
		{E01C0980-4A14-498D-8DC5-11850E6D1B80}.Release|x86.Build.0 = Release|Any CPU
		{BEF3B0CC-9AF6-4DA3-92FF-F3E1CCC64AA0}.Debug|Any CPU.ActiveCfg = Debug|Any CPU
		{BEF3B0CC-9AF6-4DA3-92FF-F3E1CCC64AA0}.Debug|Any CPU.Build.0 = Debug|Any CPU
		{BEF3B0CC-9AF6-4DA3-92FF-F3E1CCC64AA0}.Debug|x64.ActiveCfg = Debug|Any CPU
		{BEF3B0CC-9AF6-4DA3-92FF-F3E1CCC64AA0}.Debug|x64.Build.0 = Debug|Any CPU
		{BEF3B0CC-9AF6-4DA3-92FF-F3E1CCC64AA0}.Debug|x86.ActiveCfg = Debug|Any CPU
		{BEF3B0CC-9AF6-4DA3-92FF-F3E1CCC64AA0}.Debug|x86.Build.0 = Debug|Any CPU
		{BEF3B0CC-9AF6-4DA3-92FF-F3E1CCC64AA0}.Release|Any CPU.ActiveCfg = Release|Any CPU
		{BEF3B0CC-9AF6-4DA3-92FF-F3E1CCC64AA0}.Release|Any CPU.Build.0 = Release|Any CPU
		{BEF3B0CC-9AF6-4DA3-92FF-F3E1CCC64AA0}.Release|x64.ActiveCfg = Release|Any CPU
		{BEF3B0CC-9AF6-4DA3-92FF-F3E1CCC64AA0}.Release|x64.Build.0 = Release|Any CPU
		{BEF3B0CC-9AF6-4DA3-92FF-F3E1CCC64AA0}.Release|x86.ActiveCfg = Release|Any CPU
		{BEF3B0CC-9AF6-4DA3-92FF-F3E1CCC64AA0}.Release|x86.Build.0 = Release|Any CPU
		{56169EF7-7A8F-4AF5-8ECF-FDD48C074C10}.Debug|Any CPU.ActiveCfg = Debug|Any CPU
		{56169EF7-7A8F-4AF5-8ECF-FDD48C074C10}.Debug|Any CPU.Build.0 = Debug|Any CPU
		{56169EF7-7A8F-4AF5-8ECF-FDD48C074C10}.Debug|x64.ActiveCfg = Debug|Any CPU
		{56169EF7-7A8F-4AF5-8ECF-FDD48C074C10}.Debug|x64.Build.0 = Debug|Any CPU
		{56169EF7-7A8F-4AF5-8ECF-FDD48C074C10}.Debug|x86.ActiveCfg = Debug|Any CPU
		{56169EF7-7A8F-4AF5-8ECF-FDD48C074C10}.Debug|x86.Build.0 = Debug|Any CPU
		{56169EF7-7A8F-4AF5-8ECF-FDD48C074C10}.Release|Any CPU.ActiveCfg = Release|Any CPU
		{56169EF7-7A8F-4AF5-8ECF-FDD48C074C10}.Release|Any CPU.Build.0 = Release|Any CPU
		{56169EF7-7A8F-4AF5-8ECF-FDD48C074C10}.Release|x64.ActiveCfg = Release|Any CPU
		{56169EF7-7A8F-4AF5-8ECF-FDD48C074C10}.Release|x64.Build.0 = Release|Any CPU
		{56169EF7-7A8F-4AF5-8ECF-FDD48C074C10}.Release|x86.ActiveCfg = Release|Any CPU
		{56169EF7-7A8F-4AF5-8ECF-FDD48C074C10}.Release|x86.Build.0 = Release|Any CPU
		{A9C0DEA4-B1F1-4AFE-A622-9FB10E26D008}.Debug|Any CPU.ActiveCfg = Debug|Any CPU
		{A9C0DEA4-B1F1-4AFE-A622-9FB10E26D008}.Debug|Any CPU.Build.0 = Debug|Any CPU
		{A9C0DEA4-B1F1-4AFE-A622-9FB10E26D008}.Debug|x64.ActiveCfg = Debug|Any CPU
		{A9C0DEA4-B1F1-4AFE-A622-9FB10E26D008}.Debug|x64.Build.0 = Debug|Any CPU
		{A9C0DEA4-B1F1-4AFE-A622-9FB10E26D008}.Debug|x86.ActiveCfg = Debug|Any CPU
		{A9C0DEA4-B1F1-4AFE-A622-9FB10E26D008}.Debug|x86.Build.0 = Debug|Any CPU
		{A9C0DEA4-B1F1-4AFE-A622-9FB10E26D008}.Release|Any CPU.ActiveCfg = Release|Any CPU
		{A9C0DEA4-B1F1-4AFE-A622-9FB10E26D008}.Release|Any CPU.Build.0 = Release|Any CPU
		{A9C0DEA4-B1F1-4AFE-A622-9FB10E26D008}.Release|x64.ActiveCfg = Release|Any CPU
		{A9C0DEA4-B1F1-4AFE-A622-9FB10E26D008}.Release|x64.Build.0 = Release|Any CPU
		{A9C0DEA4-B1F1-4AFE-A622-9FB10E26D008}.Release|x86.ActiveCfg = Release|Any CPU
		{A9C0DEA4-B1F1-4AFE-A622-9FB10E26D008}.Release|x86.Build.0 = Release|Any CPU
		{0C146536-37B4-4EDE-9A59-4EE62A828FB4}.Debug|Any CPU.ActiveCfg = Debug|Any CPU
		{0C146536-37B4-4EDE-9A59-4EE62A828FB4}.Debug|Any CPU.Build.0 = Debug|Any CPU
		{0C146536-37B4-4EDE-9A59-4EE62A828FB4}.Debug|x64.ActiveCfg = Debug|Any CPU
		{0C146536-37B4-4EDE-9A59-4EE62A828FB4}.Debug|x64.Build.0 = Debug|Any CPU
		{0C146536-37B4-4EDE-9A59-4EE62A828FB4}.Debug|x86.ActiveCfg = Debug|Any CPU
		{0C146536-37B4-4EDE-9A59-4EE62A828FB4}.Debug|x86.Build.0 = Debug|Any CPU
		{0C146536-37B4-4EDE-9A59-4EE62A828FB4}.Release|Any CPU.ActiveCfg = Release|Any CPU
		{0C146536-37B4-4EDE-9A59-4EE62A828FB4}.Release|Any CPU.Build.0 = Release|Any CPU
		{0C146536-37B4-4EDE-9A59-4EE62A828FB4}.Release|x64.ActiveCfg = Release|Any CPU
		{0C146536-37B4-4EDE-9A59-4EE62A828FB4}.Release|x64.Build.0 = Release|Any CPU
		{0C146536-37B4-4EDE-9A59-4EE62A828FB4}.Release|x86.ActiveCfg = Release|Any CPU
		{0C146536-37B4-4EDE-9A59-4EE62A828FB4}.Release|x86.Build.0 = Release|Any CPU
	EndGlobalSection
	GlobalSection(SolutionProperties) = preSolution
		HideSolutionNode = FALSE
	EndGlobalSection
	GlobalSection(NestedProjects) = preSolution
		{C3D1CBB7-F467-4178-ABCD-AB6A07E2C851} = {D5BA7B2C-DF3C-44AE-BCD9-0860F49BE7CB}
		{583D7C78-A187-44CB-A08C-3191CAC2E5BA} = {D5BA7B2C-DF3C-44AE-BCD9-0860F49BE7CB}
		{2624A4B6-2BEE-46C7-B012-8FA4C3E9609F} = {D5BA7B2C-DF3C-44AE-BCD9-0860F49BE7CB}
		{B5B0D826-9A9F-4F1B-B4B4-0ADB5E516E69} = {D5BA7B2C-DF3C-44AE-BCD9-0860F49BE7CB}
		{92D02EE9-486D-4461-8D82-39FF27A165F3} = {D5BA7B2C-DF3C-44AE-BCD9-0860F49BE7CB}
		{01A14F93-F546-4840-83B0-5AE49CD8B240} = {92D02EE9-486D-4461-8D82-39FF27A165F3}
		{D24CDD60-9D0F-4B94-8665-2DFD9DE961AD} = {C3D1CBB7-F467-4178-ABCD-AB6A07E2C851}
		{E01C0980-4A14-498D-8DC5-11850E6D1B80} = {C3D1CBB7-F467-4178-ABCD-AB6A07E2C851}
		{BEF3B0CC-9AF6-4DA3-92FF-F3E1CCC64AA0} = {92D02EE9-486D-4461-8D82-39FF27A165F3}
		{BFB175AD-F8AC-4CAE-9868-77331E81DD4B} = {D5BA7B2C-DF3C-44AE-BCD9-0860F49BE7CB}
		{56169EF7-7A8F-4AF5-8ECF-FDD48C074C10} = {BFB175AD-F8AC-4CAE-9868-77331E81DD4B}
		{A9C0DEA4-B1F1-4AFE-A622-9FB10E26D008} = {92D02EE9-486D-4461-8D82-39FF27A165F3}
		{0C146536-37B4-4EDE-9A59-4EE62A828FB4} = {92D02EE9-486D-4461-8D82-39FF27A165F3}
	EndGlobalSection
	GlobalSection(ExtensibilityGlobals) = postSolution
		SolutionGuid = {FBE524F9-65A0-40F8-AF78-4A1D697B76A9}
	EndGlobalSection
EndGlobal
